
Microsoft Visual Studio Solution File, Format Version 12.00
# Visual Studio 15
VisualStudioVersion = 15.0.28307.1082
MinimumVisualStudioVersion = 10.0.40219.1
Project("{FAE04EC0-301F-11D3-BF4B-00C04F79EFBC}") = "Exercise3", "Exercise3\Exercise3.csproj", "{CDEBDDEC-A588-4D8F-8165-FE2FD5391537}"
EndProject
Global
	GlobalSection(SolutionConfigurationPlatforms) = preSolution
		Debug|Any CPU = Debug|Any CPU
		Release|Any CPU = Release|Any CPU
	EndGlobalSection
	GlobalSection(ProjectConfigurationPlatforms) = postSolution
		{CDEBDDEC-A588-4D8F-8165-FE2FD5391537}.Debug|Any CPU.ActiveCfg = Debug|Any CPU
		{CDEBDDEC-A588-4D8F-8165-FE2FD5391537}.Debug|Any CPU.Build.0 = Debug|Any CPU
		{CDEBDDEC-A588-4D8F-8165-FE2FD5391537}.Release|Any CPU.ActiveCfg = Release|Any CPU
		{CDEBDDEC-A588-4D8F-8165-FE2FD5391537}.Release|Any CPU.Build.0 = Release|Any CPU
	EndGlobalSection
	GlobalSection(SolutionProperties) = preSolution
		HideSolutionNode = FALSE
	EndGlobalSection
	GlobalSection(ExtensibilityGlobals) = postSolution
		SolutionGuid = {CBE79EDA-F90A-4A0F-B9DE-01E388DBC858}
	EndGlobalSection
EndGlobal
